lockfileVersion: '9.0'

settings:
  autoInstallPeers: true
  excludeLinksFromLockfile: false

importers:

  .:
    dependencies:
      '@xterm/xterm':
        specifier: ^5.5.0
        version: 5.5.0
      wasmoon:
        specifier: ^1.16.0
        version: 1.16.0
      xterm-pty:
        specifier: ^0.11.1
        version: 0.11.1
    devDependencies:
      '@types/bun':
        specifier: latest
        version: 1.2.4

packages:

  '@types/bun@1.2.4':
    resolution: {integrity: sha512-QtuV5OMR8/rdKJs213iwXDpfVvnskPXY/S0ZiFbsTjQZycuqPbMW8Gf/XhLfwE5njW8sxI2WjISURXPlHypMFA==}

  '@types/emscripten@1.39.10':
    resolution: {integrity: sha512-TB/6hBkYQJxsZHSqyeuO1Jt0AB/bW6G7rHt9g7lML7SOF6lbgcHvw/Lr+69iqN0qxgXLhWKScAon73JNnptuDw==}

  '@types/node@22.13.7':
    resolution: {integrity: sha512-oU2q+BsQldB9lYxHNp/5aZO+/Bs0Usa74Abo9mAKulz4ahQyXRHK6UVKYIN8KSC8HXwhWSi7b49JnX+txuac0w==}

  '@types/ws@8.5.14':
    resolution: {integrity: sha512-bd/YFLW+URhBzMXurx7lWByOu+xzU9+kb3RboOteXYDfW+tr+JZa99OyNmPINEGB/ahzKrEuc8rcv4gnpJmxTw==}

  '@xterm/xterm@5.5.0':
    resolution: {integrity: sha512-hqJHYaQb5OptNunnyAnkHyM8aCjZ1MEIDTQu1iIbbTD/xops91NB5yq1ZK/dC2JDbVWtF23zUtl9JE2NqwT87A==}

  bun-types@1.2.4:
    resolution: {integrity: sha512-nDPymR207ZZEoWD4AavvEaa/KZe/qlrbMSchqpQwovPZCKc7pwMoENjEtHgMKaAjJhy+x6vfqSBA1QU3bJgs0Q==}

  undici-types@6.20.0:
    resolution: {integrity: sha512-Ny6QZ2Nju20vw1SRHe3d9jVu6gJ+4e3+MMpqu7pqE5HT6WsTSlce++GQmK5UXS8mzV8DSYHrQH+Xrf2jVcuKNg==}

  wasmoon@1.16.0:
    resolution: {integrity: sha512-FlRLb15WwAOz1A9OQDbf6oOKKSiefi5VK0ZRF2wgH9xk3o5SnU11tNPaOnQuAh1Ucr66cwwvVXaeVRaFdRBt5g==}
    hasBin: true

  xterm-pty@0.11.1:
    resolution: {integrity: sha512-vQISyzSgO+Cud8lOOFNbHI37s0AG/Mpsf2HmILgGHvsJI7hzq2qfEoLWD+fpNkJbICJ9yMoIdZ7u3czDtZQKWg==}

snapshots:

  '@types/bun@1.2.4':
    dependencies:
      bun-types: 1.2.4

  '@types/emscripten@1.39.10': {}

  '@types/node@22.13.7':
    dependencies:
      undici-types: 6.20.0

  '@types/ws@8.5.14':
    dependencies:
      '@types/node': 22.13.7

  '@xterm/xterm@5.5.0': {}

  bun-types@1.2.4:
    dependencies:
      '@types/node': 22.13.7
      '@types/ws': 8.5.14

  undici-types@6.20.0: {}

  wasmoon@1.16.0:
    dependencies:
      '@types/emscripten': 1.39.10

  xterm-pty@0.11.1:
    dependencies:
      '@xterm/xterm': 5.5.0
